
Microsoft Visual Studio Solution File, Format Version 12.00
# Visual Studio 14
VisualStudioVersion = 14.0.25420.1
MinimumVisualStudioVersion = 10.0.40219.1
Project("{FAE04EC0-301F-11D3-BF4B-00C04F79EFBC}") = "RaknetCommunication.SwigRaknetCS", "RaknetCommunication.SwigRaknetCS\RaknetCommunication.SwigRaknetCS.csproj", "{C1FB90EA-8DE1-43D1-91F0-A57673866B73}"
EndProject
Project("{FAE04EC0-301F-11D3-BF4B-00C04F79EFBC}") = "RaknetCommunication.BaseCommon", "RaknetCommunication.BaseCommon\RaknetCommunication.BaseCommon.csproj", "{8D3EEF90-3714-49BD-A835-67F3E9095BDD}"
EndProject
Project("{FAE04EC0-301F-11D3-BF4B-00C04F79EFBC}") = "RaknetCommunication.ServerHall", "RaknetCommunication.ServerHall\RaknetCommunication.ServerHall.csproj", "{C2F23D9D-7EE3-4BA3-A38D-AF8C1FD06332}"
EndProject
Project("{FAE04EC0-301F-11D3-BF4B-00C04F79EFBC}") = "RaknetCommunication.Model", "RaknetCommunication.Model\RaknetCommunication.Model.csproj", "{D3B82BAD-3D02-44E3-8C70-7DC6C0012E8D}"
EndProject
Project("{FAE04EC0-301F-11D3-BF4B-00C04F79EFBC}") = "RaknetCommunication.Repository", "RaknetCommunication.Repository\RaknetCommunication.Repository.csproj", "{7EE33711-B1A5-4B30-977F-E3702DD8610E}"
EndProject
Project("{FAE04EC0-301F-11D3-BF4B-00C04F79EFBC}") = "RaknetCommunication.Service", "RaknetCommunication.Service\RaknetCommunication.Service.csproj", "{547F3612-01CB-419B-9353-F9825EC51835}"
EndProject
Project("{2150E333-8FDC-42A3-9474-1A3956D46DE8}") = "1_Model", "1_Model", "{8CFB62A6-BC16-40C9-A904-CD9FDCE7109A}"
EndProject
Project("{2150E333-8FDC-42A3-9474-1A3956D46DE8}") = "2_Repository", "2_Repository", "{5F79F853-F93B-4368-87CE-56A9F7D5CF90}"
EndProject
Project("{2150E333-8FDC-42A3-9474-1A3956D46DE8}") = "3_Service", "3_Service", "{442C9F8E-AF35-4E2E-B402-EBB18878B058}"
EndProject
Project("{2150E333-8FDC-42A3-9474-1A3956D46DE8}") = "5_BaseCommon", "5_BaseCommon", "{84994A9F-4EEB-47DB-A520-F7C7763F45D8}"
EndProject
Project("{2150E333-8FDC-42A3-9474-1A3956D46DE8}") = "4_SwigRaknetCS", "4_SwigRaknetCS", "{7531C5ED-E5FB-4EEC-A386-92F15F01D38C}"
EndProject
Project("{2150E333-8FDC-42A3-9474-1A3956D46DE8}") = "6_ServerHall", "6_ServerHall", "{9FD3E0A3-1407-444D-92C9-5BE5F9FD3BFD}"
EndProject
Global
	GlobalSection(SolutionConfigurationPlatforms) = preSolution
		Debug|Any CPU = Debug|Any CPU
		Release|Any CPU = Release|Any CPU
	EndGlobalSection
	GlobalSection(ProjectConfigurationPlatforms) = postSolution
		{C1FB90EA-8DE1-43D1-91F0-A57673866B73}.Debug|Any CPU.ActiveCfg = Debug|Any CPU
		{C1FB90EA-8DE1-43D1-91F0-A57673866B73}.Debug|Any CPU.Build.0 = Debug|Any CPU
		{C1FB90EA-8DE1-43D1-91F0-A57673866B73}.Release|Any CPU.ActiveCfg = Release|Any CPU
		{C1FB90EA-8DE1-43D1-91F0-A57673866B73}.Release|Any CPU.Build.0 = Release|Any CPU
		{8D3EEF90-3714-49BD-A835-67F3E9095BDD}.Debug|Any CPU.ActiveCfg = Debug|Any CPU
		{8D3EEF90-3714-49BD-A835-67F3E9095BDD}.Debug|Any CPU.Build.0 = Debug|Any CPU
		{8D3EEF90-3714-49BD-A835-67F3E9095BDD}.Release|Any CPU.ActiveCfg = Release|Any CPU
		{8D3EEF90-3714-49BD-A835-67F3E9095BDD}.Release|Any CPU.Build.0 = Release|Any CPU
		{C2F23D9D-7EE3-4BA3-A38D-AF8C1FD06332}.Debug|Any CPU.ActiveCfg = Debug|Any CPU
		{C2F23D9D-7EE3-4BA3-A38D-AF8C1FD06332}.Debug|Any CPU.Build.0 = Debug|Any CPU
		{C2F23D9D-7EE3-4BA3-A38D-AF8C1FD06332}.Release|Any CPU.ActiveCfg = Release|Any CPU
		{C2F23D9D-7EE3-4BA3-A38D-AF8C1FD06332}.Release|Any CPU.Build.0 = Release|Any CPU
		{D3B82BAD-3D02-44E3-8C70-7DC6C0012E8D}.Debug|Any CPU.ActiveCfg = Debug|Any CPU
		{D3B82BAD-3D02-44E3-8C70-7DC6C0012E8D}.Debug|Any CPU.Build.0 = Debug|Any CPU
		{D3B82BAD-3D02-44E3-8C70-7DC6C0012E8D}.Release|Any CPU.ActiveCfg = Release|Any CPU
		{D3B82BAD-3D02-44E3-8C70-7DC6C0012E8D}.Release|Any CPU.Build.0 = Release|Any CPU
		{7EE33711-B1A5-4B30-977F-E3702DD8610E}.Debug|Any CPU.ActiveCfg = Debug|Any CPU
		{7EE33711-B1A5-4B30-977F-E3702DD8610E}.Debug|Any CPU.Build.0 = Debug|Any CPU
		{7EE33711-B1A5-4B30-977F-E3702DD8610E}.Release|Any CPU.ActiveCfg = Release|Any CPU
		{7EE33711-B1A5-4B30-977F-E3702DD8610E}.Release|Any CPU.Build.0 = Release|Any CPU
		{547F3612-01CB-419B-9353-F9825EC51835}.Debug|Any CPU.ActiveCfg = Debug|Any CPU
		{547F3612-01CB-419B-9353-F9825EC51835}.Debug|Any CPU.Build.0 = Debug|Any CPU
		{547F3612-01CB-419B-9353-F9825EC51835}.Release|Any CPU.ActiveCfg = Release|Any CPU
		{547F3612-01CB-419B-9353-F9825EC51835}.Release|Any CPU.Build.0 = Release|Any CPU
	EndGlobalSection
	GlobalSection(SolutionProperties) = preSolution
		HideSolutionNode = FALSE
	EndGlobalSection
	GlobalSection(NestedProjects) = preSolution
		{C1FB90EA-8DE1-43D1-91F0-A57673866B73} = {7531C5ED-E5FB-4EEC-A386-92F15F01D38C}
		{8D3EEF90-3714-49BD-A835-67F3E9095BDD} = {84994A9F-4EEB-47DB-A520-F7C7763F45D8}
		{C2F23D9D-7EE3-4BA3-A38D-AF8C1FD06332} = {9FD3E0A3-1407-444D-92C9-5BE5F9FD3BFD}
		{D3B82BAD-3D02-44E3-8C70-7DC6C0012E8D} = {8CFB62A6-BC16-40C9-A904-CD9FDCE7109A}
		{7EE33711-B1A5-4B30-977F-E3702DD8610E} = {5F79F853-F93B-4368-87CE-56A9F7D5CF90}
		{547F3612-01CB-419B-9353-F9825EC51835} = {442C9F8E-AF35-4E2E-B402-EBB18878B058}
	EndGlobalSection
EndGlobal
